PODS:
  - AFNetworking (3.1.0):
    - AFNetworking/NSURLSession (= 3.1.0)
    - AFNetworking/Reachability (= 3.1.0)
    - AFNetworking/Security (= 3.1.0)
    - AFNetworking/Serialization (= 3.1.0)
    - AFNetworking/UIKit (= 3.1.0)
  - AFNetworking/NSURLSession (3.1.0):
    - AFNetworking/Reachability
    - AFNetworking/Security
    - AFNetworking/Serialization
  - AFNetworking/Reachability (3.1.0)
  - AFNetworking/Security (3.1.0)
  - AFNetworking/Serialization (3.1.0)
  - AFNetworking/UIKit (3.1.0):
    - AFNetworking/NSURLSession
  - BuglyHotfix (1.1.0):
    - BuglyHotfix/Core (= 1.1.0)
  - BuglyHotfix/Core (1.1.0):
    - JSPatch
  - FDFullscreenPopGesture (1.1)
  - JHChart (1.1.0)
  - JSPatch (1.1.2):
    - JSPatch/Core (= 1.1.2)
  - JSPatch/Core (1.1.2)
  - JSPatch/Extensions (1.1.2):
    - JSPatch/Core
  - MBProgressHUD (1.0.0)
  - MJRefresh (3.1.12)
  - Reachability (3.2)
  - SDCycleScrollView (1.65):
    - SDWebImage (~> 3.7)
  - SDWebImage (3.8.2):
    - SDWebImage/Core (= 3.8.2)
  - SDWebImage/Core (3.8.2)
  - UILabel+ContentSize (1.0.3)
  - UITableView+FDTemplateLayoutCell (1.4)
  - UIViewController+Swizzled (1.4)
  - UMengAnalytics (4.1.8)
  - WebViewJavascriptBridge (5.1.0)
  - XHLaunchAd (3.3.0)

DEPENDENCIES:
  - AFNetworking
  - BuglyHotfix
  - FDFullscreenPopGesture
  - JHChart
  - JSPatch/Extensions
  - MBProgressHUD
  - MJRefresh
  - Reachability
  - SDCycleScrollView
  - SDWebImage
  - UILabel+ContentSize
  - UITableView+FDTemplateLayoutCell
  - UIViewController+Swizzled
  - UMengAnalytics
  - WebViewJavascriptBridge
  - XHLaunchAd

SPEC CHECKSUMS:
  AFNetworking: 5e0e199f73d8626b11e79750991f5d173d1f8b67
  BuglyHotfix: 23c68e3e6770e9fd36682aa6150ed236d62bbbf6
  FDFullscreenPopGesture: a8a620179e3d9c40e8e00256dcee1c1a27c6d0f0
  JHChart: b840376da2691ea366af88dec036576fdc4f4468
  JSPatch: 741205ebb2e2238c223a436e4c8cf75cf40a345f
  MBProgressHUD: 4890f671c94e8a0f3cf959aa731e9de2f036d71a
  MJRefresh: b96cdb21c4aa75a7b07654311ab2f315c497e806
  Reachability: 33e18b67625424e47b6cde6d202dce689ad7af96
  SDCycleScrollView: f72904c77698a7f93a41bcbbc2d78b073bf7326c
  SDWebImage: '098e97e6176540799c27e804c96653ee0833d13c'
  UILabel+ContentSize: ca71fe5d87afd752e53a34466e52598d65db4705
  UITableView+FDTemplateLayoutCell: 234e1582bcc4e18461af91155123bb96538ed030
  UIViewController+Swizzled: 1cd9397598ede6930f94fbcac4b43d63c7aa0dbb
  UMengAnalytics: 6ef66c49bea0779d2ce02a72d862510d97619a7a
  WebViewJavascriptBridge: b75d0583e14c709eb5a614c563c977bb9855b7d3
  XHLaunchAd: 6e30e509f09a6a16222a4615afa03c7409e2db59

PODFILE CHECKSUM: d9bac3293fc11bb4e5c53694b13465a83ecad336

COCOAPODS: 1.2.0
